{
  "name": "todolist-amplify-nextjs",
  "version": "1.0.0",
  "lockfileVersion": 1,
  "requires": true,
  "dependencies": {
    "@aws-amplify/analytics": {
      "version": "1.2.20",
      "resolved": "https://registry.npmjs.org/@aws-amplify/analytics/-/analytics-1.2.20.tgz",
      "integrity": "sha512-itm4hPB27hlLnjbOl1q31RSKmBwkv6bhGIqThnp1MImmlSBYKBDxsa5nwyA6e91+CLYwNwVtqC0eXUWc8U5r1Q==",
      "requires": {
        "@aws-amplify/cache": "^1.0.29",
        "@aws-amplify/core": "^1.0.29",
        "uuid": "^3.2.1"
      }
    },
    "@aws-amplify/api": {
      "version": "1.0.39",
      "resolved": "https://registry.npmjs.org/@aws-amplify/api/-/api-1.0.39.tgz",
      "integrity": "sha512-niaQvQOCv6NCAamnxMuogiVdKH56VcVdUAiEYuzRPEk7XK6G9vgcub1hYrjWAxi7KI13RZhOvf7a5i2j21Ourw==",
      "requires": {
        "@aws-amplify/auth": "^1.2.28",
        "@aws-amplify/cache": "^1.0.29",
        "@aws-amplify/core": "^1.0.29",
        "axios": "^0.19.0",
        "graphql": "0.13.0",
        "uuid": "^3.2.1",
        "zen-observable": "^0.8.6"
      }
    },
    "@aws-amplify/auth": {
      "version": "1.2.28",
      "resolved": "https://registry.npmjs.org/@aws-amplify/auth/-/auth-1.2.28.tgz",
      "integrity": "sha512-Y6Cno8NrFxhT4KHLqMRioPe4JSxC1QFbuHuEY5pHIMYVtlLO9oiRbVsKmwn4bLXmzFpDPYrH/QhESLXi2NMetQ==",
      "requires": {
        "@aws-amplify/cache": "^1.0.29",
        "@aws-amplify/core": "^1.0.29",
        "amazon-cognito-identity-js": "^3.0.14",
        "crypto-js": "^3.1.9-1"
      }
    },
    "@aws-amplify/cache": {
      "version": "1.0.29",
      "resolved": "https://registry.npmjs.org/@aws-amplify/cache/-/cache-1.0.29.tgz",
      "integrity": "sha512-r5+5g7XZXfqhOZO9s4KVhpbeiSonBa4jZHB2z+i8GLNHGal3/tAdT+5k64Mjr6kc2Y9vv0FRolQbsrXujqYaIw==",
      "requires": {
        "@aws-amplify/core": "^1.0.29"
      }
    },
    "@aws-amplify/core": {
      "version": "1.0.29",
      "resolved": "https://registry.npmjs.org/@aws-amplify/core/-/core-1.0.29.tgz",
      "integrity": "sha512-4UVxNRSgBUaZPksUy+K5jfecpk61Szs0d7iKOzIzbUKz0t2HgG5Dbs4jlKWpup8M3dXEx4ZQBFyp+D+fHUFzDQ==",
      "requires": {
        "aws-sdk": "2.474.0",
        "url": "^0.11.0"
      }
    },
    "@aws-amplify/interactions": {
      "version": "1.0.32",
      "resolved": "https://registry.npmjs.org/@aws-amplify/interactions/-/interactions-1.0.32.tgz",
      "integrity": "sha512-IH+Qn5CxLgazzjlgB4D7HV9BU5JH+CWB1+k1YegpZOtqjn2OTAGleeGradyx6B98DpUjuFpvkrnfP4Wfpi5lnQ==",
      "requires": {
        "@aws-amplify/core": "^1.0.29"
      }
    },
    "@aws-amplify/pubsub": {
      "version": "1.0.30",
      "resolved": "https://registry.npmjs.org/@aws-amplify/pubsub/-/pubsub-1.0.30.tgz",
      "integrity": "sha512-4PMnnNFbBEMHeB9g2AVu+vgM2SPE2mOkfXl3tkXzCqAprcXLYFLWoWHNn0hFHwJzCdqm3aXlq5qRarXOOsD5Rg==",
      "requires": {
        "@aws-amplify/core": "^1.0.29",
        "uuid": "^3.2.1",
        "zen-observable": "^0.8.6"
      }
    },
    "@aws-amplify/storage": {
      "version": "1.0.33",
      "resolved": "https://registry.npmjs.org/@aws-amplify/storage/-/storage-1.0.33.tgz",
      "integrity": "sha512-GxVdQWOCpTOMOOLX08F57W1h2GjkW50hhOTdcvnb+l4D9SqgW3W6t69LDCDX4G9TQGdOguXq3YQnbCy+W8jNyA==",
      "requires": {
        "@aws-amplify/core": "^1.0.29"
      }
    },
    "@aws-amplify/ui": {
      "version": "1.0.22",
      "resolved": "https://registry.npmjs.org/@aws-amplify/ui/-/ui-1.0.22.tgz",
      "integrity": "sha512-l5pAmqHLuDg5ng9AMpB92DQcxR2GgNpKPagLa2czvQgwEhqaZIQHfuaBUrZUsCubYrJCAK+Yksg1elHvWEQ/xg=="
    },
    "@aws-amplify/xr": {
      "version": "0.1.19",
      "resolved": "https://registry.npmjs.org/@aws-amplify/xr/-/xr-0.1.19.tgz",
      "integrity": "sha512-pKGLPglIxUxngB+6zTaM2hycHHfWai+pylKlqI9kB4IcONT9Vk4HUrXWJYfBzQ+iD55C/hp34602EfndFrkIJw==",
      "requires": {
        "@aws-amplify/core": "^1.0.29"
      }
    },
    "@babel/helper-plugin-utils": {
      "version": "7.27.1",
      "resolved": "https://registry.npmjs.org/@babel/helper-plugin-utils/-/helper-plugin-utils-7.27.1.tgz",
      "integrity": "sha512-1gn1Up5YXka3YYAHGKpbideQ5Yjf1tDa9qYcgysz+cNCXukyLl6DjPXhD3VRwSb8c0J9tA4b2+rHEZtc6R0tlw=="
    },
    "@babel/helper-validator-identifier": {
      "version": "7.27.1",
      "resolved": "https://registry.npmjs.org/@babel/helper-validator-identifier/-/helper-validator-identifier-7.27.1.tgz",
      "integrity": "sha512-D2hP9eA+Sqx1kBZgzxZh0y1trbuU+JoDkiEwqhQ36nodYqJwyEIhPSdMNd7lOm/4io72luTPWH20Yda0xOuUow=="
    },
    "@babel/plugin-syntax-jsx": {
      "version": "7.14.5",
      "resolved": "https://registry.npmjs.org/@babel/plugin-syntax-jsx/-/plugin-syntax-jsx-7.14.5.tgz",
      "integrity": "sha512-ohuFIsOMXJnbOMRfX7/w7LocdR6R7whhuRD4ax8IipLcLPlZGJKkBxgHp++U4N/vKyU16/YDQr2f5seajD3jIw==",
      "requires": {
        "@babel/helper-plugin-utils": "^7.14.5"
      }
    },
    "@babel/types": {
      "version": "7.15.0",
      "resolved": "https://registry.npmjs.org/@babel/types/-/types-7.15.0.tgz",
      "integrity": "sha512-OBvfqnllOIdX4ojTHpwZbpvz4j3EWyjkZEdmjH0/cgsd6QOdSgU8rLSk6ard/pcW7rlmjdVSX/AWOaORR1uNOQ==",
      "requires": {
        "@babel/helper-validator-identifier": "^7.14.9",
        "to-fast-properties": "^2.0.0"
      }
    },
    "@next/env": {
      "version": "12.0.8",
      "resolved": "https://registry.npmjs.org/@next/env/-/env-12.0.8.tgz",
      "integrity": "sha512-Wa0gOeioB9PHap9wtZDZEhgOSE3/+qE/UALWjJHuNvH4J3oE+13EjVOiEsr1JcPCXUN8ESQE+phDKlo6qJ8P9g=="
    },
    "@next/react-refresh-utils": {
      "version": "12.0.8",
      "resolved": "https://registry.npmjs.org/@next/react-refresh-utils/-/react-refresh-utils-12.0.8.tgz",
      "integrity": "sha512-Bq4T/aOOFQUkCF9b8k9x+HpjOevu65ZPxsYJOpgEtBuJyvb+sZREtDDLKb/RtjUeLMrWrsGD0aLteyFFtiS8Og=="
    },
    "@next/swc-android-arm64": {
      "version": "12.0.8",
      "resolved": "https://registry.npmjs.org/@next/swc-android-arm64/-/swc-android-arm64-12.0.8.tgz",
      "integrity": "sha512-BiXMcOZNnXSIXv+FQvbRgbMb+iYayLX/Sb2MwR0wja+eMs46BY1x/ssXDwUBADP1M8YtrGTlSPHZqUiCU94+Mg==",
      "optional": true
    },
    "@next/swc-darwin-arm64": {
      "version": "12.0.8",
      "resolved": "https://registry.npmjs.org/@next/swc-darwin-arm64/-/swc-darwin-arm64-12.0.8.tgz",
      "integrity": "sha512-6EGMmvcIwPpwt0/iqLbXDGx6oKHAXzbowyyVXK8cqmIvhoghRFjqfiNGBs+ar6wEBGt68zhwn/77vE3iQWoFJw==",
      "optional": true
    },
    "@next/swc-darwin-x64": {
      "version": "12.0.8",
      "resolved": "https://registry.npmjs.org/@next/swc-darwin-x64/-/swc-darwin-x64-12.0.8.tgz",
      "integrity": "sha512-todxgQOGP/ucz5UH2kKR3XGDdkWmWr0VZAAbzgTbiFm45Ol4ih602k2nNR3xSbza9IqNhxNuUVsMpBgeo19CFQ==",
      "optional": true
    },
    "@next/swc-linux-arm-gnueabihf": {
      "version": "12.0.8",
      "resolved": "https://registry.npmjs.org/@next/swc-linux-arm-gnueabihf/-/swc-linux-arm-gnueabihf-12.0.8.tgz",
      "integrity": "sha512-KULmdrfI+DJxBuhEyV47MQllB/WpC3P2xbwhHezxL/LkC2nkz5SbV4k432qpx2ebjIRf9SjdQ5Oz1FjD8Urayw==",
      "optional": true
    },
    "@next/swc-linux-arm64-gnu": {
      "version": "12.0.8",
      "resolved": "https://registry.npmjs.org/@next/swc-linux-arm64-gnu/-/swc-linux-arm64-gnu-12.0.8.tgz",
      "integrity": "sha512-1XO87wgIVPvt5fx5i8CqdhksRdcpqyzCOLW4KrE0f9pUCIT04EbsFiKdmsH9c73aqjNZMnCMXpbV+cn4hN8x1w==",
      "optional": true
    },
    "@next/swc-linux-arm64-musl": {
      "version": "12.0.8",
      "resolved": "https://registry.npmjs.org/@next/swc-linux-arm64-musl/-/swc-linux-arm64-musl-12.0.8.tgz",
      "integrity": "sha512-NStRZEy/rkk2G18Yhc/Jzi1Q2Dv+zH176oO8479zlDQ5syRfc6AvRHVV4iNRc8Pai58If83r/nOJkwFgGwkKLw==",
      "optional": true
    },
    "@next/swc-linux-x64-gnu": {
      "version": "12.0.8",
      "resolved": "https://registry.npmjs.org/@next/swc-linux-x64-gnu/-/swc-linux-x64-gnu-12.0.8.tgz",
      "integrity": "sha512-rHxTGtTEDFsdT9/VjewzxE19S7W1NE+aZpm4TwbT1pSNGK9KQxQGcXjqoHMeB+VZCFknzNEoIU/vydbjZMlAuw==",
      "optional": true
    },
    "@next/swc-linux-x64-musl": {
      "version": "12.0.8",
      "resolved": "https://registry.npmjs.org/@next/swc-linux-x64-musl/-/swc-linux-x64-musl-12.0.8.tgz",
      "integrity": "sha512-1F4kuFRQE10GSx7LMSvRmjMXFGpxT30g8rZzq9r/p/WKdErA4WB4uxaKEX0P8AINfuN63i4luKdR+LoacgBhYw==",
      "optional": true
    },
    "@next/swc-win32-arm64-msvc": {
      "version": "12.0.8",
      "resolved": "https://registry.npmjs.org/@next/swc-win32-arm64-msvc/-/swc-win32-arm64-msvc-12.0.8.tgz",
      "integrity": "sha512-QuRe49jqCV61TysGopC1P0HPqFAMZMWe1nbIQLyOkDLkULmZR8N2eYZq7fwqvZE5YwhMmJA/grwWFVBqSEh5Kg==",
      "optional": true
    },
    "@next/swc-win32-ia32-msvc": {
      "version": "12.0.8",
      "resolved": "https://registry.npmjs.org/@next/swc-win32-ia32-msvc/-/swc-win32-ia32-msvc-12.0.8.tgz",
      "integrity": "sha512-0RV3/julybJr1IlPCowIWrJJZyAl+sOakJEM15y1NOOsbwTQ5eKZZXSi+7e23TN4wmy5HwNvn2dKzgOEVJ+jbA==",
      "optional": true
    },
    "@next/swc-win32-x64-msvc": {
      "version": "12.0.8",
      "resolved": "https://registry.npmjs.org/@next/swc-win32-x64-msvc/-/swc-win32-x64-msvc-12.0.8.tgz",
      "integrity": "sha512-tTga6OFfO2JS+Yt5hdryng259c/tzNgSWkdiU2E+RBHiysAIOta57n4PJ8iPahOSqEqjaToPI76wM+o441GaNQ==",
      "optional": true
    },
    "@types/node": {
      "version": "12.6.8",
      "resolved": "https://registry.npmjs.org/@types/node/-/node-12.6.8.tgz",
      "integrity": "sha512-aX+gFgA5GHcDi89KG5keey2zf0WfZk/HAQotEamsK2kbey+8yGKcson0hbK8E+v0NArlCJQCqMP161YhV6ZXLg=="
    },
    "@types/prop-types": {
      "version": "15.7.1",
      "resolved": "https://registry.npmjs.org/@types/prop-types/-/prop-types-15.7.1.tgz",
      "integrity": "sha512-CFzn9idOEpHrgdw8JsoTkaDDyRWk1jrzIV8djzcgpq0y9tG4B4lFT+Nxh52DVpDXV+n4+NPNv7M1Dj5uMp6XFg==",
      "dev": true
    },
    "@types/react": {
      "version": "16.8.23",
      "resolved": "https://registry.npmjs.org/@types/react/-/react-16.8.23.tgz",
      "integrity": "sha512-abkEOIeljniUN9qB5onp++g0EY38h7atnDHxwKUFz1r3VH1+yG1OKi2sNPTyObL40goBmfKFpdii2lEzwLX1cA==",
      "dev": true,
      "requires": {
        "@types/prop-types": "*",
        "csstype": "^2.2.0"
      }
    },
    "@types/react-dom": {
      "version": "16.8.5",
      "resolved": "https://registry.npmjs.org/@types/react-dom/-/react-dom-16.8.5.tgz",
      "integrity": "sha512-idCEjROZ2cqh29+trmTmZhsBAUNQuYrF92JHKzZ5+aiFM1mlSk3bb23CK7HhYuOY75Apgap5y2jTyHzaM2AJGA==",
      "dev": true,
      "requires": {
        "@types/react": "*"
      }
    },
    "amazon-cognito-identity-js": {
      "version": "3.0.14",
      "resolved": "https://registry.npmjs.org/amazon-cognito-identity-js/-/amazon-cognito-identity-js-3.0.14.tgz",
      "integrity": "sha512-+Hd5lx3o317YiONwwJuV1RsiZ3CD7he7149X6WUQ/zjOLbYuE53q988/vajSjHxFb9UTp/NycdVjjJq9aFswCQ==",
      "requires": {
        "buffer": "4.9.1",
        "crypto-js": "^3.1.9-1",
        "js-cookie": "^2.1.4"
      }
    },
    "aws-amplify": {
      "version": "1.1.32",
      "resolved": "https://registry.npmjs.org/aws-amplify/-/aws-amplify-1.1.32.tgz",
      "integrity": "sha512-/d1obA80B0PnZ8/ZbIsvBfo/4mXz68pKn5FYc0iW0ColGhbW7xy4fiurroGgrrMSgPa9X0FKJQp6iUfQzSTeRQ==",
      "requires": {
        "@aws-amplify/analytics": "^1.2.20",
        "@aws-amplify/api": "^1.0.39",
        "@aws-amplify/auth": "^1.2.28",
        "@aws-amplify/cache": "^1.0.29",
        "@aws-amplify/core": "^1.0.29",
        "@aws-amplify/interactions": "^1.0.32",
        "@aws-amplify/pubsub": "^1.0.30",
        "@aws-amplify/storage": "^1.0.31",
        "@aws-amplify/ui": "^1.0.22",
        "@aws-amplify/xr": "^0.1.19"
      }
    },
    "aws-sdk": {
      "version": "2.474.0",
      "resolved": "https://registry.npmjs.org/aws-sdk/-/aws-sdk-2.474.0.tgz",
      "integrity": "sha512-nyTZNeVRJix1AStgvH5zcacemgXOhrMrhsXHMmvPkvaXBp3Boj+A79/G8KMd3f/zfjgjRPi9VG0I/BNzfsP3HQ==",
      "requires": {
        "buffer": "4.9.1",
        "events": "1.1.1",
        "ieee754": "1.1.8",
        "jmespath": "0.15.0",
        "querystring": "0.2.0",
        "sax": "1.2.1",
        "url": "0.10.3",
        "uuid": "3.3.2",
        "xml2js": "0.4.19"
      },
      "dependencies": {
        "events": {
          "version": "1.1.1",
          "resolved": "https://registry.npmjs.org/events/-/events-1.1.1.tgz",
          "integrity": "sha1-nr23Y1rQmccNzEwqH1AEKI6L2SQ="
        },
        "ieee754": {
          "version": "1.1.8",
          "resolved": "https://registry.npmjs.org/ieee754/-/ieee754-1.1.8.tgz",
          "integrity": "sha1-vjPUCsEO8ZJnAfbwii2G+/0a0+Q="
        },
        "url": {
          "version": "0.10.3",
          "resolved": "https://registry.npmjs.org/url/-/url-0.10.3.tgz",
          "integrity": "sha1-Ah5NnHcF8hu/N9A861h2dAJ3TGQ=",
          "requires": {
            "punycode": "1.3.2",
            "querystring": "0.2.0"
          }
        }
      }
    },
    "axios": {
      "version": "0.19.0",
      "resolved": "https://registry.npmjs.org/axios/-/axios-0.19.0.tgz",
      "integrity": "sha512-1uvKqKQta3KBxIz14F2v06AEHZ/dIoeKfbTRkK1E5oqjDnuEerLmYTgJB5AiQZHJcljpg1TuRzdjDR06qNk0DQ==",
      "requires": {
        "follow-redirects": "1.5.10",
        "is-buffer": "^2.0.2"
      },
      "dependencies": {
        "is-buffer": {
          "version": "2.0.3",
          "resolved": "https://registry.npmjs.org/is-buffer/-/is-buffer-2.0.3.tgz",
          "integrity": "sha512-U15Q7MXTuZlrbymiz95PJpZxu8IlipAp4dtS3wOdgPXx3mqBnslrWU14kxfHB+Py/+2PVKSr37dMAgM2A4uArw=="
        }
      }
    },
    "base64-js": {
      "version": "1.3.0",
      "resolved": "https://registry.npmjs.org/base64-js/-/base64-js-1.3.0.tgz",
      "integrity": "sha512-ccav/yGvoa80BQDljCxsmmQ3Xvx60/UpBIij5QN21W3wBi/hhIC9OoO+KLpu9IJTS9j4DRVJ3aDDF9cMSoa2lw=="
    },
    "big.js": {
      "version": "5.2.2",
      "resolved": "https://registry.npmjs.org/big.js/-/big.js-5.2.2.tgz",
      "integrity": "sha512-vyL2OymJxmarO8gxMr0mhChsO9QGwhynfuu4+MHTAW6czfq9humCB7rKpUjDd9YUiDPU4mzpyupFSvOClAwbmQ=="
    },
    "buffer": {
      "version": "4.9.1",
      "resolved": "https://registry.npmjs.org/buffer/-/buffer-4.9.1.tgz",
      "integrity": "sha1-bRu2AbB6TvztlwlBMgkwJ8lbwpg=",
      "requires": {
        "base64-js": "^1.0.2",
        "ieee754": "^1.1.4",
        "isarray": "^1.0.0"
      }
    },
    "caniuse-lite": {
      "version": "1.0.30001717",
      "resolved": "https://registry.npmjs.org/caniuse-lite/-/caniuse-lite-1.0.30001717.tgz",
      "integrity": "sha512-auPpttCq6BDEG8ZAuHJIplGw6GODhjw+/11e7IjpnYCxZcW/ONgPs0KVBJ0d1bY3e2+7PRe5RCLyP+PfwVgkYw=="
    },
    "colorette": {
      "version": "1.4.0",
      "resolved": "https://registry.npmjs.org/colorette/-/colorette-1.4.0.tgz",
      "integrity": "sha512-Y2oEozpomLn7Q3HFP7dpww7AtMJplbM9lGZP6RDfHqmbeRjiwRg4n6VM6j4KLmRke85uWEI7JqF17f3pqdRA0g=="
    },
    "convert-source-map": {
      "version": "1.7.0",
      "resolved": "https://registry.npmjs.org/convert-source-map/-/convert-source-map-1.7.0.tgz",
      "integrity": "sha512-4FJkXzKXEDB1snCFZlLP4gpC3JILicCpGbzG9f9G7tGqGCzETQ2hWPrcinA9oU4wtf2biUaEH5065UnMeR33oA==",
      "requires": {
        "safe-buffer": "~5.1.1"
      },
      "dependencies": {
        "safe-buffer": {
          "version": "5.1.2",
          "resolved": "https://registry.npmjs.org/safe-buffer/-/safe-buffer-5.1.2.tgz",
          "integrity": "sha512-Gd2UZBJDkXlY7GbJxfsE8/nvKkUEU1G38c1siN6QP6a9PT9MmHB8GnpscSmMJSoF8LOIrt8ud/wPtojys4G6+g=="
        }
      }
    },
    "crypto-js": {
      "version": "3.1.9-1",
      "resolved": "https://registry.npmjs.org/crypto-js/-/crypto-js-3.1.9-1.tgz",
      "integrity": "sha1-/aGedh/Ad+Af+/3G6f38WeiAbNg="
    },
    "csstype": {
      "version": "2.6.6",
      "resolved": "https://registry.npmjs.org/csstype/-/csstype-2.6.6.tgz",
      "integrity": "sha512-RpFbQGUE74iyPgvr46U9t1xoQBM8T4BL8SxrN66Le2xYAPSaDJJKeztV3awugusb3g3G9iL8StmkBBXhcbbXhg==",
      "dev": true
    },
    "emojis-list": {
      "version": "2.1.0",
      "resolved": "https://registry.npmjs.org/emojis-list/-/emojis-list-2.1.0.tgz",
      "integrity": "sha512-knHEZMgs8BB+MInokmNTg/OyPlAddghe1YBgNwJBc5zsJi/uyIcXoSDsL/W9ymOsBoBGdPIHXYJ9+qKFwRwDng=="
    },
    "follow-redirects": {
      "version": "1.5.10",
      "resolved": "https://registry.npmjs.org/follow-redirects/-/follow-redirects-1.5.10.tgz",
      "integrity": "sha512-0V5l4Cizzvqt5D44aTXbFZz+FtyXV1vrDN6qrelxtfYQKW0KO0W2T/hkE8xvGa/540LkZlkaUjO4ailYTFtHVQ==",
      "requires": {
        "debug": "=3.1.0"
      },
      "dependencies": {
        "debug": {
          "version": "3.1.0",
          "resolved": "https://registry.npmjs.org/debug/-/debug-3.1.0.tgz",
          "integrity": "sha512-OX8XqP7/1a9cqkxYw2yXss15f26NKWBpDXQd0/uK/KPqdQhxbPa994hnzjcE2VqQpDslf55723cKPUOGSmMY3g==",
          "requires": {
            "ms": "2.0.0"
          }
        },
        "ms": {
          "version": "2.0.0",
          "resolved": "https://registry.npmjs.org/ms/-/ms-2.0.0.tgz",
          "integrity": "sha1-VgiurfwAvmwpAd9fmGF4jeDVl8g="
        }
      }
    },
    "graphql": {
      "version": "0.13.0",
      "resolved": "https://registry.npmjs.org/graphql/-/graphql-0.13.0.tgz",
      "integrity": "sha512-WlO+ZJT9aY3YrBT+H5Kk+eVb3OVVehB9iRD/xqeHdmrrn4AFl5FIcOpfHz/vnBr6Y6JthGMlnFqU8XRnDjSR7A==",
      "requires": {
        "iterall": "1.1.x"
      }
    },
    "has-flag": {
      "version": "4.0.0",
      "resolved": "https://registry.npmjs.org/has-flag/-/has-flag-4.0.0.tgz",
      "integrity": "sha512-EykJT/Q1KjTWctppgIAgfSO0tKVuZUjhgMr17kqTumMl6Afv3EISleU7qZUzoXDFTAHTDC4NOoG/ZxU3EvlMPQ=="
    },
    "ieee754": {
      "version": "1.1.13",
      "resolved": "https://registry.npmjs.org/ieee754/-/ieee754-1.1.13.tgz",
      "integrity": "sha512-4vf7I2LYV/HaWerSo3XmlMkp5eZ83i+/CDluXi/IGTs/O1sejBNhTtnxzmRZfvOUqj7lZjqHkeTvpgSFDlWZTg=="
    },
    "immer": {
      "version": "3.1.3",
      "resolved": "https://registry.npmjs.org/immer/-/immer-3.1.3.tgz",
      "integrity": "sha512-HG5SXTXTTVy9lGNwS075cNhQoV375jHsIJO3UtMjuUWJOuwlMr0u42FlsKTJcppt5AzsFAsmj9r4kHvsSHh3hQ=="
    },
    "inherits": {
      "version": "2.0.4",
      "resolved": "https://registry.npmjs.org/inherits/-/inherits-2.0.4.tgz",
      "integrity": "sha512-k/vGaX4/Yla3WzyMCvTQOXYeIHvqOKtnqBduzTHpzpQZzAskKMhZ2K+EnBiSM9zGSoIFeMpXKxa4dYeZIQqewQ=="
    },
    "isarray": {
      "version": "1.0.0",
      "resolved": "https://registry.npmjs.org/isarray/-/isarray-1.0.0.tgz",
      "integrity": "sha1-u5NdSFgsuhaMBoNJV6VKPgcSTxE="
    },
    "iterall": {
      "version": "1.1.4",
      "resolved": "https://registry.npmjs.org/iterall/-/iterall-1.1.4.tgz",
      "integrity": "sha512-eaDsM/PY8D/X5mYQhecVc5/9xvSHED7yPON+ffQroBeTuqUVm7dfphMkK8NksXuImqZlVRoKtrNfMIVCYIqaUQ=="
    },
    "jest-worker": {
      "version": "27.0.0-next.5",
      "resolved": "https://registry.npmjs.org/jest-worker/-/jest-worker-27.0.0-next.5.tgz",
      "integrity": "sha512-mk0umAQ5lT+CaOJ+Qp01N6kz48sJG2kr2n1rX0koqKf6FIygQV0qLOdN9SCYID4IVeSigDOcPeGLozdMLYfb5g==",
      "requires": {
        "@types/node": "*",
        "merge-stream": "^2.0.0",
        "supports-color": "^8.0.0"
      }
    },
    "jmespath": {
      "version": "0.15.0",
      "resolved": "https://registry.npmjs.org/jmespath/-/jmespath-0.15.0.tgz",
      "integrity": "sha1-o/Iiqarp+Wb10nx5ZRDigJF2Qhc="
    },
    "js-cookie": {
      "version": "2.2.0",
      "resolved": "https://registry.npmjs.org/js-cookie/-/js-cookie-2.2.0.tgz",
      "integrity": "sha1-Gywnmm7s44ChIWi5JIUmWzWx7/s="
    },
    "js-tokens": {
      "version": "4.0.0",
      "resolved": "https://registry.npmjs.org/js-tokens/-/js-tokens-4.0.0.tgz",
      "integrity": "sha512-RdJUflcE3cUzKiMqQgsCu06FPu9UdIJO0beYbPhHN4k6apgJtifcoCtT9bcxOpYBtpD2kCM6Sbzg4CausW/PKQ=="
    },
    "json5": {
      "version": "1.0.2",
      "resolved": "https://registry.npmjs.org/json5/-/json5-1.0.2.tgz",
      "integrity": "sha512-g1MWMLBiz8FKi1e4w0UyVL3w+iJceWAFBAaBnnGKOpNa5f8TLktkbre1+s6oICydWAm+HRUGTmI+//xv2hvXYA==",
      "requires": {
        "minimist": "^1.2.0"
      }
    },
    "loader-utils": {
      "version": "1.2.3",
      "resolved": "https://registry.npmjs.org/loader-utils/-/loader-utils-1.2.3.tgz",
      "integrity": "sha512-fkpz8ejdnEMG3s37wGL07iSBDg99O9D5yflE9RGNH3hRdx9SOwYfnGYdZOUIZitN8E+E2vkq3MUMYMvPYl5ZZA==",
      "requires": {
        "big.js": "^5.2.2",
        "emojis-list": "^2.0.0",
        "json5": "^1.0.1"
      }
    },
    "loose-envify": {
      "version": "1.4.0",
      "resolved": "https://registry.npmjs.org/loose-envify/-/loose-envify-1.4.0.tgz",
      "integrity": "sha512-lyuxPGr/Wfhrlem2CL/UcnUc1zcqKAImBDzukY7Y5F/yQiNdko6+fRLevlw1HgMySw7f611UIY408EtxRSoK3Q==",
      "requires": {
        "js-tokens": "^3.0.0 || ^4.0.0"
      }
    },
    "merge-stream": {
      "version": "2.0.0",
      "resolved": "https://registry.npmjs.org/merge-stream/-/merge-stream-2.0.0.tgz",
      "integrity": "sha512-abv/qOcuPfk3URPfDzmZU1LKmuw8kT+0nIHvKrKgFrwifol/doWcdA4ZqsWQ8ENrFKkd67Mfpo/LovbIUsbt3w=="
    },
    "minimist": {
      "version": "1.2.8",
      "resolved": "https://registry.npmjs.org/minimist/-/minimist-1.2.8.tgz",
      "integrity": "sha512-2yyAR8qBkN3YuheJanUpWC5U3bb5osDywNB8RzDVlDwDHbocAJveqqj1u8+SVD7jkWT4yvsHCpWqqWqAxb0zCA=="
    },
    "nanoid": {
      "version": "2.0.3",
      "resolved": "https://registry.npmjs.org/nanoid/-/nanoid-2.0.3.tgz",
      "integrity": "sha512-NbaoqdhIYmY6FXDRB4eYtDVC9Z9eCbn8TyaiC16LNKtpPv/aqa0tOPD8y6gNE4yUNnaZ7LLhYtXOev/6+cBtfw=="
    },
    "next": {
      "version": "12.0.8",
      "resolved": "https://registry.npmjs.org/next/-/next-12.0.8.tgz",
      "integrity": "sha512-g5c1Kuh1F8tSXJn2rVvzYBzqe9EXaR6+rY3/KrQ7y0D9FueRLfHI35wM0DRadDcPSc3+vncspfhYH3jnYE/KjA==",
      "requires": {
        "@next/env": "12.0.8",
        "@next/react-refresh-utils": "12.0.8",
        "@next/swc-android-arm64": "12.0.8",
        "@next/swc-darwin-arm64": "12.0.8",
        "@next/swc-darwin-x64": "12.0.8",
        "@next/swc-linux-arm-gnueabihf": "12.0.8",
        "@next/swc-linux-arm64-gnu": "12.0.8",
        "@next/swc-linux-arm64-musl": "12.0.8",
        "@next/swc-linux-x64-gnu": "12.0.8",
        "@next/swc-linux-x64-musl": "12.0.8",
        "@next/swc-win32-arm64-msvc": "12.0.8",
        "@next/swc-win32-ia32-msvc": "12.0.8",
        "@next/swc-win32-x64-msvc": "12.0.8",
        "caniuse-lite": "^1.0.30001283",
        "jest-worker": "27.0.0-next.5",
        "node-fetch": "2.6.1",
        "postcss": "8.2.15",
        "react-is": "17.0.2",
        "react-refresh": "0.8.3",
        "stream-browserify": "3.0.0",
        "styled-jsx": "5.0.0-beta.6",
        "use-subscription": "1.5.1"
      },
      "dependencies": {
        "react-is": {
          "version": "17.0.2",
          "resolved": "https://registry.npmjs.org/react-is/-/react-is-17.0.2.tgz",
          "integrity": "sha512-w2GsyukL62IJnlaff/nRegPQR94C/XXamvMWmSHRJ4y7Ts/4ocGRmTHvOs8PSE6pB3dWOrD/nueuU5sduBsQ4w=="
        }
      }
    },
    "node-fetch": {
      "version": "2.6.1",
      "resolved": "https://registry.npmjs.org/node-fetch/-/node-fetch-2.6.1.tgz",
      "integrity": "sha512-V4aYg89jEoVRxRb2fJdAg8FHvI7cEyYdVAh94HH0UIK8oJxUfkjlDQN9RbMx+bEjP7+ggMiFRprSti032Oipxw=="
    },
    "object-assign": {
      "version": "4.1.1",
      "resolved": "https://registry.npmjs.org/object-assign/-/object-assign-4.1.1.tgz",
      "integrity": "sha1-IQmtx5ZYh8/AXLvUQsrIv7s2CGM="
    },
    "postcss": {
      "version": "8.2.15",
      "resolved": "https://registry.npmjs.org/postcss/-/postcss-8.2.15.tgz",
      "integrity": "sha512-2zO3b26eJD/8rb106Qu2o7Qgg52ND5HPjcyQiK2B98O388h43A448LCslC0dI2P97wCAQRJsFvwTRcXxTKds+Q==",
      "requires": {
        "colorette": "^1.2.2",
        "nanoid": "^3.1.23",
        "source-map": "^0.6.1"
      },
      "dependencies": {
        "nanoid": {
          "version": "3.3.11",
          "resolved": "https://registry.npmjs.org/nanoid/-/nanoid-3.3.11.tgz",
          "integrity": "sha512-N8SpfPUnUp1bK+PMYW8qSWdl9U+wwNWI4QKxOYDy9JAro3WMX7p2OeVRF9v+347pnakNevPmiHhNmZ2HbFA76w=="
        }
      }
    },
    "prettier": {
      "version": "1.18.2",
      "resolved": "https://registry.npmjs.org/prettier/-/prettier-1.18.2.tgz",
      "integrity": "sha512-OeHeMc0JhFE9idD4ZdtNibzY0+TPHSpSSb9h8FqtP+YnoZZ1sl8Vc9b1sasjfymH3SonAF4QcA2+mzHPhMvIiw==",
      "dev": true
    },
    "prop-types": {
      "version": "15.7.2",
      "resolved": "https://registry.npmjs.org/prop-types/-/prop-types-15.7.2.tgz",
      "integrity": "sha512-8QQikdH7//R2vurIJSutZ1smHYTcLpRWEOlHnzcWHmBYrOGUysKwSsrC89BCiFj3CbrfJ/nXFdJepOVrY1GCHQ==",
      "requires": {
        "loose-envify": "^1.4.0",
        "object-assign": "^4.1.1",
        "react-is": "^16.8.1"
      }
    },
    "punycode": {
      "version": "1.3.2",
      "resolved": "https://registry.npmjs.org/punycode/-/punycode-1.3.2.tgz",
      "integrity": "sha1-llOgNvt8HuQjQvIyXM7v6jkmxI0="
    },
    "querystring": {
      "version": "0.2.0",
      "resolved": "https://registry.npmjs.org/querystring/-/querystring-0.2.0.tgz",
      "integrity": "sha1-sgmEkgO7Jd+CDadW50cAWHhSFiA="
    },
    "react": {
      "version": "16.8.6",
      "resolved": "https://registry.npmjs.org/react/-/react-16.8.6.tgz",
      "integrity": "sha512-pC0uMkhLaHm11ZSJULfOBqV4tIZkx87ZLvbbQYunNixAAvjnC+snJCg0XQXn9VIsttVsbZP/H/ewzgsd5fxKXw==",
      "requires": {
        "loose-envify": "^1.1.0",
        "object-assign": "^4.1.1",
        "prop-types": "^15.6.2",
        "scheduler": "^0.13.6"
      }
    },
    "react-dom": {
      "version": "16.8.6",
      "resolved": "https://registry.npmjs.org/react-dom/-/react-dom-16.8.6.tgz",
      "integrity": "sha512-1nL7PIq9LTL3fthPqwkvr2zY7phIPjYrT0jp4HjyEQrEROnw4dG41VVwi/wfoCneoleqrNX7iAD+pXebJZwrwA==",
      "requires": {
        "loose-envify": "^1.1.0",
        "object-assign": "^4.1.1",
        "prop-types": "^15.6.2",
        "scheduler": "^0.13.6"
      }
    },
    "react-is": {
      "version": "16.8.6",
      "resolved": "https://registry.npmjs.org/react-is/-/react-is-16.8.6.tgz",
      "integrity": "sha512-aUk3bHfZ2bRSVFFbbeVS4i+lNPZr3/WM5jT2J5omUVV1zzcs1nAaf3l51ctA5FFvCRbhrH0bdAsRRQddFJZPtA=="
    },
    "react-refresh": {
      "version": "0.8.3",
      "resolved": "https://registry.npmjs.org/react-refresh/-/react-refresh-0.8.3.tgz",
      "integrity": "sha512-X8jZHc7nCMjaCqoU+V2I0cOhNW+QMBwSUkeXnTi8IPe6zaRWfn60ZzvFDZqWPfmSJfjub7dDW1SP0jaHWLu/hg=="
    },
    "readable-stream": {
      "version": "3.6.2",
      "resolved": "https://registry.npmjs.org/readable-stream/-/readable-stream-3.6.2.tgz",
      "integrity": "sha512-9u/sniCrY3D5WdsERHzHE4G2YCXqoG5FTHUiCC4SIbr6XcLZBY05ya9EKjYek9O5xOAwjGq+1JdGBAS7Q9ScoA==",
      "requires": {
        "inherits": "^2.0.3",
        "string_decoder": "^1.1.1",
        "util-deprecate": "^1.0.1"
      }
    },
    "safe-buffer": {
      "version": "5.2.1",
      "resolved": "https://registry.npmjs.org/safe-buffer/-/safe-buffer-5.2.1.tgz",
      "integrity": "sha512-rp3So07KcdmmKbGvgaNxQSJr7bGVSVk5S9Eq1F+ppbRo70+YeaDxkw5Dd8NPN+GD6bjnYm2VuPuCXmpuYvmCXQ=="
    },
    "sax": {
      "version": "1.2.1",
      "resolved": "https://registry.npmjs.org/sax/-/sax-1.2.1.tgz",
      "integrity": "sha1-e45lYZCyKOgaZq6nSEgNgozS03o="
    },
    "scheduler": {
      "version": "0.13.6",
      "resolved": "https://registry.npmjs.org/scheduler/-/scheduler-0.13.6.tgz",
      "integrity": "sha512-IWnObHt413ucAYKsD9J1QShUKkbKLQQHdxRyw73sw4FN26iWr3DY/H34xGPe4nmL1DwXyWmSWmMrA9TfQbE/XQ==",
      "requires": {
        "loose-envify": "^1.1.0",
        "object-assign": "^4.1.1"
      }
    },
    "source-map": {
      "version": "0.6.1",
      "resolved": "https://registry.npmjs.org/source-map/-/source-map-0.6.1.tgz",
      "integrity": "sha512-UjgapumWlbMhkBgzT7Ykc5YXUT46F0iKu8SGXq0bcwP5dz/h0Plj6enJqjz1Zbq2l5WaqYnrVbwWOWMyF3F47g=="
    },
    "stream-browserify": {
      "version": "3.0.0",
      "resolved": "https://registry.npmjs.org/stream-browserify/-/stream-browserify-3.0.0.tgz",
      "integrity": "sha512-H73RAHsVBapbim0tU2JwwOiXUj+fikfiaoYAKHF3VJfA0pe2BCzkhAHBlLG6REzE+2WNZcxOXjK7lkso+9euLA==",
      "requires": {
        "inherits": "~2.0.4",
        "readable-stream": "^3.5.0"
      }
    },
    "string_decoder": {
      "version": "1.3.0",
      "resolved": "https://registry.npmjs.org/string_decoder/-/string_decoder-1.3.0.tgz",
      "integrity": "sha512-hkRX8U1WjJFd8LsDJ2yQ/wWWxaopEsABU1XfkM8A+j0+85JAGppt16cr1Whg6KIbb4okU6Mql6BOj+uup/wKeA==",
      "requires": {
        "safe-buffer": "~5.2.0"
      }
    },
    "string-hash": {
      "version": "1.1.3",
      "resolved": "https://registry.npmjs.org/string-hash/-/string-hash-1.1.3.tgz",
      "integrity": "sha512-kJUvRUFK49aub+a7T1nNE66EJbZBMnBgoC1UbCZ5n6bsZKBRga4KgBRTMn/pFkeCZSYtNeSyMxPDM0AXWELk2A=="
    },
    "styled-jsx": {
      "version": "5.0.0-beta.6",
      "resolved": "https://registry.npmjs.org/styled-jsx/-/styled-jsx-5.0.0-beta.6.tgz",
      "integrity": "sha512-b1cM7Xyp2r1lsNpvoZ6wmTI8qxD0557vH2feHakNU8LMkzfJDgTQMul6O7sSYY0GxQ73pKEN69hCDp71w6Q0nA==",
      "requires": {
        "@babel/plugin-syntax-jsx": "7.14.5",
        "@babel/types": "7.15.0",
        "convert-source-map": "1.7.0",
        "loader-utils": "1.2.3",
        "source-map": "0.7.3",
        "string-hash": "1.1.3",
        "stylis": "3.5.4",
        "stylis-rule-sheet": "0.0.10"
      },
      "dependencies": {
        "source-map": {
          "version": "0.7.3",
          "resolved": "https://registry.npmjs.org/source-map/-/source-map-0.7.3.tgz",
          "integrity": "sha512-CkCj6giN3S+n9qrYiBTX5gystlENnRW5jZeNLHpe6aue+SrHcG5VYwujhW9s4dY31mEGsxBDrHR6oI69fTXsaQ=="
        }
      }
    },
    "stylis": {
      "version": "3.5.4",
      "resolved": "https://registry.npmjs.org/stylis/-/stylis-3.5.4.tgz",
      "integrity": "sha512-8/3pSmthWM7lsPBKv7NXkzn2Uc9W7NotcwGNpJaa3k7WMM1XDCA4MgT5k/8BIexd5ydZdboXtU90XH9Ec4Bv/Q=="
    },
    "stylis-rule-sheet": {
      "version": "0.0.10",
      "resolved": "https://registry.npmjs.org/stylis-rule-sheet/-/stylis-rule-sheet-0.0.10.tgz",
      "integrity": "sha512-nTbZoaqoBnmK+ptANthb10ZRZOGC+EmTLLUxeYIuHNkEKcmKgXX1XWKkUBT2Ac4es3NybooPe0SmvKdhKJZAuw=="
    },
    "supports-color": {
      "version": "8.1.1",
      "resolved": "https://registry.npmjs.org/supports-color/-/supports-color-8.1.1.tgz",
      "integrity": "sha512-MpUEN2OodtUzxvKQl72cUF7RQ5EiHsGvSsVG0ia9c5RbWGL2CI4C7EpPS8UTBIplnlzZiNuV56w+FuNxy3ty2Q==",
      "requires": {
        "has-flag": "^4.0.0"
      }
    },
    "to-fast-properties": {
      "version": "2.0.0",
      "resolved": "https://registry.npmjs.org/to-fast-properties/-/to-fast-properties-2.0.0.tgz",
      "integrity": "sha512-/OaKK0xYrs3DmxRYqL/yDc+FxFUVYhDlXMhRmv3z915w2HF1tnN1omB354j8VUGO/hbRzyD6Y3sA7v7GS/ceog=="
    },
    "typescript": {
      "version": "3.5.3",
      "resolved": "https://registry.npmjs.org/typescript/-/typescript-3.5.3.tgz",
      "integrity": "sha512-ACzBtm/PhXBDId6a6sDJfroT2pOWt/oOnk4/dElG5G33ZL776N3Y6/6bKZJBFpd+b05F3Ct9qDjMeJmRWtE2/g==",
      "dev": true
    },
    "url": {
      "version": "0.11.0",
      "resolved": "https://registry.npmjs.org/url/-/url-0.11.0.tgz",
      "integrity": "sha1-ODjpfPxgUh63PFJajlW/3Z4uKPE=",
      "requires": {
        "punycode": "1.3.2",
        "querystring": "0.2.0"
      }
    },
    "use-subscription": {
      "version": "1.5.1",
      "resolved": "https://registry.npmjs.org/use-subscription/-/use-subscription-1.5.1.tgz",
      "integrity": "sha512-Xv2a1P/yReAjAbhylMfFplFKj9GssgTwN7RlcTxBujFQcloStWNDQdc4g4NRWH9xS4i/FDk04vQBptAXoF3VcA==",
      "requires": {
        "object-assign": "^4.1.1"
      }
    },
    "util-deprecate": {
      "version": "1.0.2",
      "resolved": "https://registry.npmjs.org/util-deprecate/-/util-deprecate-1.0.2.tgz",
      "integrity": "sha512-EPD5q1uXyFxJpCrLnCc1nHnq3gOa6DZBocAIiI2TaSCA7VCJ1UJDMagCzIkXNsUYfD1daK//LTEQ8xiIbrHtcw=="
    },
    "uuid": {
      "version": "3.3.2",
      "resolved": "https://registry.npmjs.org/uuid/-/uuid-3.3.2.tgz",
      "integrity": "sha512-yXJmeNaw3DnnKAOKJE51sL/ZaYfWJRl1pK9dr19YFCu0ObS231AB1/LbqTKRAQ5kw8A90rA6fr4riOUpTZvQZA=="
    },
    "xml2js": {
      "version": "0.4.19",
      "resolved": "https://registry.npmjs.org/xml2js/-/xml2js-0.4.19.tgz",
      "integrity": "sha512-esZnJZJOiJR9wWKMyuvSE1y6Dq5LCuJanqhxslH2bxM6duahNZ+HMpCLhBQGZkbX6xRf8x1Y2eJlgt2q3qo49Q==",
      "requires": {
        "sax": ">=0.6.0",
        "xmlbuilder": "~9.0.1"
      }
    },
    "xmlbuilder": {
      "version": "9.0.7",
      "resolved": "https://registry.npmjs.org/xmlbuilder/-/xmlbuilder-9.0.7.tgz",
      "integrity": "sha1-Ey7mPS7FVlxVfiD0wi35rKaGsQ0="
    },
    "zen-observable": {
      "version": "0.8.14",
      "resolved": "https://registry.npmjs.org/zen-observable/-/zen-observable-0.8.14.tgz",
      "integrity": "sha512-kQz39uonEjEESwh+qCi83kcC3rZJGh4mrZW7xjkSQYXkq//JZHTtKo+6yuVloTgMtzsIWOJrjIrKvk/dqm0L5g=="
    }
  }
}
